Microsoft Visual Studio Solution File, Format Version 12.00
# Visual Studio Version 16
VisualStudioVersion = 16.0.30225.117
MinimumVisualStudioVersion = 15.0.27004.2005
Project("{FAE04EC0-301F-11D3-BF4B-00C04F79EFBC}") = "DataStructuresAlgorithms", "DataStructuresAlgorithms.csproj", "{D7C01146-6D0F-41A7-BB2A-86A0622E68E0}"
EndProject
Global
	GlobalSection(SolutionConfigurationPlatforms) = preSolution
		Debug|x86 = Debug|x86
		Release|x86 = Release|x86
	EndGlobalSection
	GlobalSection(ProjectConfigurationPlatforms) = postSolution
		{D7C01146-6D0F-41A7-BB2A-86A0622E68E0}.Debug|x86.ActiveCfg = Debug|x86
		{D7C01146-6D0F-41A7-BB2A-86A0622E68E0}.Debug|x86.Build.0 = Debug|x86
		{D7C01146-6D0F-41A7-BB2A-86A0622E68E0}.Release|x86.ActiveCfg = Release|x86
		{D7C01146-6D0F-41A7-BB2A-86A0622E68E0}.Release|x86.Build.0 = Release|x86
	EndGlobalSection
	GlobalSection(SolutionProperties) = preSolution
		HideSolutionNode = FALSE
	EndGlobalSection
	GlobalSection(ExtensibilityGlobals) = postSolution
		SolutionGuid = {56D5CDC1-331A-4116-829C-8C63DDC281B5}
	EndGlobalSection
EndGlobal
